
Microsoft Visual Studio Solution File, Format Version 12.00
# Visual Studio Version 16
VisualStudioVersion = 16.0.32413.511
MinimumVisualStudioVersion = 10.0.40219.1
Project("{FAE04EC0-301F-11D3-BF4B-00C04F79EFBC}") = "AbastecimentoApp", "AbastecimentoApp\AbastecimentoApp.csproj", "{82BF7B4B-562E-48B1-87BA-39B2CC5842A2}"
EndProject
Global
	GlobalSection(SolutionConfigurationPlatforms) = preSolution
		Debug|Any CPU = Debug|Any CPU
		Release|Any CPU = Release|Any CPU
	EndGlobalSection
	GlobalSection(ProjectConfigurationPlatforms) = postSolution
		{82BF7B4B-562E-48B1-87BA-39B2CC5842A2}.Debug|Any CPU.ActiveCfg = Debug|Any CPU
		{82BF7B4B-562E-48B1-87BA-39B2CC5842A2}.Debug|Any CPU.Build.0 = Debug|Any CPU
		{82BF7B4B-562E-48B1-87BA-39B2CC5842A2}.Release|Any CPU.ActiveCfg = Release|Any CPU
		{82BF7B4B-562E-48B1-87BA-39B2CC5842A2}.Release|Any CPU.Build.0 = Release|Any CPU
	EndGlobalSection
	GlobalSection(SolutionProperties) = preSolution
		HideSolutionNode = FALSE
	EndGlobalSection
	GlobalSection(ExtensibilityGlobals) = postSolution
		SolutionGuid = {3896242F-A252-4BCA-A6C3-38ACD3EC06D2}
	EndGlobalSection
EndGlobal
